
Microsoft Visual Studio Solution File, Format Version 12.00
# Visual Studio Version 17
VisualStudioVersion = 17.3.32901.215
MinimumVisualStudioVersion = 10.0.40219.1
Project("{FAE04EC0-301F-11D3-BF4B-00C04F79EFBC}") = "ChatRoom", "ChatRoom\ChatRoom.csproj", "{72FD0EC7-2CEB-4CA2-9671-DF292EDD562D}"
EndProject
Global
	GlobalSection(SolutionConfigurationPlatforms) = preSolution
		Debug|Any CPU = Debug|Any CPU
		Release|Any CPU = Release|Any CPU
	EndGlobalSection
	GlobalSection(ProjectConfigurationPlatforms) = postSolution
		{72FD0EC7-2CEB-4CA2-9671-DF292EDD562D}.Debug|Any CPU.ActiveCfg = Debug|Any CPU
		{72FD0EC7-2CEB-4CA2-9671-DF292EDD562D}.Debug|Any CPU.Build.0 = Debug|Any CPU
		{72FD0EC7-2CEB-4CA2-9671-DF292EDD562D}.Release|Any CPU.ActiveCfg = Release|Any CPU
		{72FD0EC7-2CEB-4CA2-9671-DF292EDD562D}.Release|Any CPU.Build.0 = Release|Any CPU
	EndGlobalSection
	GlobalSection(SolutionProperties) = preSolution
		HideSolutionNode = FALSE
	EndGlobalSection
	GlobalSection(ExtensibilityGlobals) = postSolution
		SolutionGuid = {F74D5B09-761A-494D-A5D4-D2E4D48904C7}
	EndGlobalSection
EndGlobal
